// !$*UTF8*$!
{
	archiveVersion = 1;
	classes = {
	};
	objectVersion = 48;
	objects = {

/* Begin PBXBuildFile section */
		DC6A7F5F1F461A02002BD9A3 /* YasdiConfigFile.ini in CopyFiles */ = {isa = PBXBuildFile; fileRef = DC6A7F571F460E76002BD9A3 /* YasdiConfigFile.ini */; };
		DC9FC2151F38E5FD0000A6DD /* AppDelegate.swift in Sources */ = {isa = PBXBuildFile; fileRef = DC9FC2141F38E5FD0000A6DD /* AppDelegate.swift */; };
		DC9FC2171F38E5FD0000A6DD /* ViewController.swift in Sources */ = {isa = PBXBuildFile; fileRef = DC9FC2161F38E5FD0000A6DD /* ViewController.swift */; };
		DC9FC2191F38E5FD0000A6DD /* Document.swift in Sources */ = {isa = PBXBuildFile; fileRef = DC9FC2181F38E5FD0000A6DD /* Document.swift */; };
		DC9FC21B1F38E5FD0000A6DD /* Assets.xcassets in Resources */ = {isa = PBXBuildFile; fileRef = DC9FC21A1F38E5FD0000A6DD /* Assets.xcassets */; };
		DC9FC21E1F38E5FD0000A6DD /* Main.storyboard in Resources */ = {isa = PBXBuildFile; fileRef = DC9FC21C1F38E5FD0000A6DD /* Main.storyboard */; };
		DCB060021F498ADF00767FC7 /* WR46A-01.dti in Resources */ = {isa = PBXBuildFile; fileRef = DCB05FF81F498ADE00767FC7 /* WR46A-01.dti */; };
		DCB282F81F390F6D00E66CA1 /* SMAMeasurement.swift in Sources */ = {isa = PBXBuildFile; fileRef = DCB282F01F390F6D00E66CA1 /* SMAMeasurement.swift */; };
		DCB282F91F390F6D00E66CA1 /* SMADriver.swift in Sources */ = {isa = PBXBuildFile; fileRef = DCB282F61F390F6D00E66CA1 /* SMADriver.swift */; };
		DCB282FA1F390F6D00E66CA1 /* SMAInverter.swift in Sources */ = {isa = PBXBuildFile; fileRef = DCB282F71F390F6D00E66CA1 /* SMAInverter.swift */; };
		DCBCE4761F48876E0094D1B1 /* yasdishell in Resources */ = {isa = PBXBuildFile; fileRef = DCBCE46C1F48876E0094D1B1 /* yasdishell */; };
		DCE0B18C1F48D54B006A867E /* libyasdi_drv_ip.1.8.1.dylib in Embed Libraries */ = {isa = PBXBuildFile; fileRef = DC021A061F478B4A008EB4A2 /* libyasdi_drv_ip.1.8.1.dylib */; settings = {ATTRIBUTES = (CodeSignOnCopy, ); }; };
		DCE0B18D1F48D54B006A867E /* libyasdi_drv_serial.1.8.1.dylib in Embed Libraries */ = {isa = PBXBuildFile; fileRef = DC021A001F478B4A008EB4A2 /* libyasdi_drv_serial.1.8.1.dylib */; settings = {ATTRIBUTES = (CodeSignOnCopy, ); }; };
		DCE0B18E1F48D54B006A867E /* libyasdi.1.8.1.dylib in Embed Libraries */ = {isa = PBXBuildFile; fileRef = DC021A071F478B4A008EB4A2 /* libyasdi.1.8.1.dylib */; settings = {ATTRIBUTES = (CodeSignOnCopy, ); }; };
		DCE0B18F1F48D54B006A867E /* libyasdimaster.1.8.1.dylib in Embed Libraries */ = {isa = PBXBuildFile; fileRef = DC021A081F478B4A008EB4A2 /* libyasdimaster.1.8.1.dylib */; settings = {ATTRIBUTES = (CodeSignOnCopy, ); }; };
		DCE0B1901F48D54B006A867E /* libyasdi_drv_ip.dylib in Embed Libraries */ = {isa = PBXBuildFile; fileRef = DC19E83A1F46DC49000A0B5D /* libyasdi_drv_ip.dylib */; settings = {ATTRIBUTES = (CodeSignOnCopy, ); }; };
		DCE0B1911F48D54B006A867E /* libyasdi_drv_serial.dylib in Embed Libraries */ = {isa = PBXBuildFile; fileRef = DC19E8391F46DC49000A0B5D /* libyasdi_drv_serial.dylib */; settings = {ATTRIBUTES = (CodeSignOnCopy, ); }; };
		DCE0B1921F48D54B006A867E /* libyasdi.dylib in Embed Libraries */ = {isa = PBXBuildFile; fileRef = DC19E83C1F46DC49000A0B5D /* libyasdi.dylib */; settings = {ATTRIBUTES = (CodeSignOnCopy, ); }; };
		DCE0B1931F48D54B006A867E /* libyasdimaster.dylib in Embed Libraries */ = {isa = PBXBuildFile; fileRef = DC19E83B1F46DC49000A0B5D /* libyasdimaster.dylib */; settings = {ATTRIBUTES = (CodeSignOnCopy, ); }; };
		DCE0B1951F48D560006A867E /* libyasdi_drv_ip.1.8.1.dylib in Frameworks */ = {isa = PBXBuildFile; fileRef = DC021A061F478B4A008EB4A2 /* libyasdi_drv_ip.1.8.1.dylib */; };
		DCE0B1961F48D560006A867E /* libyasdi_drv_serial.1.8.1.dylib in Frameworks */ = {isa = PBXBuildFile; fileRef = DC021A001F478B4A008EB4A2 /* libyasdi_drv_serial.1.8.1.dylib */; };
		DCE0B1971F48D560006A867E /* libyasdi.1.8.1.dylib in Frameworks */ = {isa = PBXBuildFile; fileRef = DC021A071F478B4A008EB4A2 /* libyasdi.1.8.1.dylib */; };
		DCE0B1981F48D560006A867E /* libyasdimaster.1.8.1.dylib in Frameworks */ = {isa = PBXBuildFile; fileRef = DC021A081F478B4A008EB4A2 /* libyasdimaster.1.8.1.dylib */; };
		DCE0B1991F48D560006A867E /* libyasdi_drv_ip.dylib in Frameworks */ = {isa = PBXBuildFile; fileRef = DC19E83A1F46DC49000A0B5D /* libyasdi_drv_ip.dylib */; };
		DCE0B19A1F48D560006A867E /* libyasdi_drv_serial.dylib in Frameworks */ = {isa = PBXBuildFile; fileRef = DC19E8391F46DC49000A0B5D /* libyasdi_drv_serial.dylib */; };
		DCE0B19B1F48D560006A867E /* libyasdi.dylib in Frameworks */ = {isa = PBXBuildFile; fileRef = DC19E83C1F46DC49000A0B5D /* libyasdi.dylib */; };
		DCE0B19C1F48D560006A867E /* libyasdimaster.dylib in Frameworks */ = {isa = PBXBuildFile; fileRef = DC19E83B1F46DC49000A0B5D /* libyasdimaster.dylib */; };
		DCE0B1AA1F48E313006A867E /* EmailClient.swift in Sources */ = {isa = PBXBuildFile; fileRef = DCE0B1A91F48E313006A867E /* EmailClient.swift */; };
/* End PBXBuildFile section */

/* Begin PBXContainerItemProxy section */
		DC19E7FE1F46D90E000A0B5D /* PBXContainerItemProxy */ = {
			isa = PBXContainerItemProxy;
			containerPortal = DC19E7F21F46D90E000A0B5D /* yasdi.xcodeproj */;
			proxyType = 2;
			remoteGlobalIDString = 0BD5C4CBFFD147D7BF3B4485;
			remoteInfo = yasdi;
		};
		DC19E8001F46D90E000A0B5D /* PBXContainerItemProxy */ = {
			isa = PBXContainerItemProxy;
			containerPortal = DC19E7F21F46D90E000A0B5D /* yasdi.xcodeproj */;
			proxyType = 2;
			remoteGlobalIDString = 49A02C3246DA4A32B941ED2D;
			remoteInfo = yasdi_drv_ip;
		};
		DC19E8021F46D90E000A0B5D /* PBXContainerItemProxy */ = {
			isa = PBXContainerItemProxy;
			containerPortal = DC19E7F21F46D90E000A0B5D /* yasdi.xcodeproj */;
			proxyType = 2;
			remoteGlobalIDString = 7DC2B6B779364C03AD928DE9;
			remoteInfo = yasdi_drv_serial;
		};
		DC19E8041F46D90E000A0B5D /* PBXContainerItemProxy */ = {
			isa = PBXContainerItemProxy;
			containerPortal = DC19E7F21F46D90E000A0B5D /* yasdi.xcodeproj */;
			proxyType = 2;
			remoteGlobalIDString = 5414363218AF46EB981A3B12;
			remoteInfo = yasdimaster;
		};
		DC19E8061F46D90E000A0B5D /* PBXContainerItemProxy */ = {
			isa = PBXContainerItemProxy;
			containerPortal = DC19E7F21F46D90E000A0B5D /* yasdi.xcodeproj */;
			proxyType = 2;
			remoteGlobalIDString = 570C716C9866477B88E8EB97;
			remoteInfo = yasdishell;
		};
/* End PBXContainerItemProxy section */

/* Begin PBXCopyFilesBuildPhase section */
		DC2BA42B1F450050001D0744 /* CopyFiles */ = {
			isa = PBXCopyFilesBuildPhase;
			buildActionMask = 2147483647;
			dstPath = "";
			dstSubfolderSpec = 16;
			files = (
				DC6A7F5F1F461A02002BD9A3 /* YasdiConfigFile.ini in CopyFiles */,
			);
			runOnlyForDeploymentPostprocessing = 0;
		};
		DCE0B1941F48D54B006A867E /* Embed Libraries */ = {
			isa = PBXCopyFilesBuildPhase;
			buildActionMask = 2147483647;
			dstPath = "";
			dstSubfolderSpec = 10;
			files = (
				DCE0B18D1F48D54B006A867E /* libyasdi_drv_serial.1.8.1.dylib in Embed Libraries */,
				DCE0B18F1F48D54B006A867E /* libyasdimaster.1.8.1.dylib in Embed Libraries */,
				DCE0B18E1F48D54B006A867E /* libyasdi.1.8.1.dylib in Embed Libraries */,
				DCE0B1931F48D54B006A867E /* libyasdimaster.dylib in Embed Libraries */,
				DCE0B1921F48D54B006A867E /* libyasdi.dylib in Embed Libraries */,
				DCE0B18C1F48D54B006A867E /* libyasdi_drv_ip.1.8.1.dylib in Embed Libraries */,
				DCE0B1911F48D54B006A867E /* libyasdi_drv_serial.dylib in Embed Libraries */,
				DCE0B1901F48D54B006A867E /* libyasdi_drv_ip.dylib in Embed Libraries */,
			);
			name = "Embed Libraries";
			runOnlyForDeploymentPostprocessing = 0;
		};
/* End PBXCopyFilesBuildPhase section */

/* Begin PBXFileReference section */
		DC021A001F478B4A008EB4A2 /* libyasdi_drv_serial.1.8.1.dylib */ = {isa = PBXFileReference; lastKnownFileType = "compiled.mach-o.dylib"; name = libyasdi_drv_serial.1.8.1.dylib; path = Frameworks/libyasdi_drv_serial.1.8.1.dylib; sourceTree = SOURCE_ROOT; };
		DC021A061F478B4A008EB4A2 /* libyasdi_drv_ip.1.8.1.dylib */ = {isa = PBXFileReference; lastKnownFileType = "compiled.mach-o.dylib"; name = libyasdi_drv_ip.1.8.1.dylib; path = Frameworks/libyasdi_drv_ip.1.8.1.dylib; sourceTree = SOURCE_ROOT; };
		DC021A071F478B4A008EB4A2 /* libyasdi.1.8.1.dylib */ = {isa = PBXFileReference; lastKnownFileType = "compiled.mach-o.dylib"; name = libyasdi.1.8.1.dylib; path = Frameworks/libyasdi.1.8.1.dylib; sourceTree = SOURCE_ROOT; };
		DC021A081F478B4A008EB4A2 /* libyasdimaster.1.8.1.dylib */ = {isa = PBXFileReference; lastKnownFileType = "compiled.mach-o.dylib"; name = libyasdimaster.1.8.1.dylib; path = Frameworks/libyasdimaster.1.8.1.dylib; sourceTree = SOURCE_ROOT; };
		DC19E7F21F46D90E000A0B5D /* yasdi.xcodeproj */ = {isa = PBXFileReference; lastKnownFileType = "wrapper.pb-project"; name = yasdi.xcodeproj; path = "../../../../../Third Party Code/YASDI/build-xcode/yasdi.xcodeproj"; sourceTree = "<group>"; };
		DC19E8391F46DC49000A0B5D /* libyasdi_drv_serial.dylib */ = {isa = PBXFileReference; lastKnownFileType = "compiled.mach-o.dylib"; name = libyasdi_drv_serial.dylib; path = "../../../../../Third Party Code/YASDI/build-xcode/Debug/libyasdi_drv_serial.dylib"; sourceTree = "<group>"; };
		DC19E83A1F46DC49000A0B5D /* libyasdi_drv_ip.dylib */ = {isa = PBXFileReference; lastKnownFileType = "compiled.mach-o.dylib"; name = libyasdi_drv_ip.dylib; path = "../../../../../Third Party Code/YASDI/build-xcode/Debug/libyasdi_drv_ip.dylib"; sourceTree = "<group>"; };
		DC19E83B1F46DC49000A0B5D /* libyasdimaster.dylib */ = {isa = PBXFileReference; lastKnownFileType = "compiled.mach-o.dylib"; name = libyasdimaster.dylib; path = "../../../../../Third Party Code/YASDI/build-xcode/Debug/libyasdimaster.dylib"; sourceTree = "<group>"; };
		DC19E83C1F46DC49000A0B5D /* libyasdi.dylib */ = {isa = PBXFileReference; lastKnownFileType = "compiled.mach-o.dylib"; name = libyasdi.dylib; path = "../../../../../Third Party Code/YASDI/build-xcode/Debug/libyasdi.dylib"; sourceTree = "<group>"; };
		DC6A7F571F460E76002BD9A3 /* YasdiConfigFile.ini */ = {isa = PBXFileReference; fileEncoding = 4; lastKnownFileType = text; lineEnding = 2; path = YasdiConfigFile.ini; sourceTree = "<group>"; };
		DC6A7F5B1F46188E002BD9A3 /* YASDI-10NE1106.pdf */ = {isa = PBXFileReference; lastKnownFileType = image.pdf; path = "YASDI-10NE1106.pdf"; sourceTree = "<group>"; };
		DC6A7F5C1F46188E002BD9A3 /* YASDI-TDE084020.pdf */ = {isa = PBXFileReference; lastKnownFileType = image.pdf; path = "YASDI-TDE084020.pdf"; sourceTree = "<group>"; };
		DC8D0E9E1F38FEB800FBE865 /* MacSunnySender-Bridging-Header.h */ = {isa = PBXFileReference; lastKnownFileType = sourcecode.c.h; path = "MacSunnySender-Bridging-Header.h"; sourceTree = "<group>"; };
		DC9FC2111F38E5FD0000A6DD /* MacSunnySender.app */ = {isa = PBXFileReference; explicitFileType = wrapper.application; includeInIndex = 0; path = MacSunnySender.app; sourceTree = BUILT_PRODUCTS_DIR; };
		DC9FC2141F38E5FD0000A6DD /* AppDelegate.swift */ = {isa = PBXFileReference; lastKnownFileType = sourcecode.swift; path = AppDelegate.swift; sourceTree = "<group>"; };
		DC9FC2161F38E5FD0000A6DD /* ViewController.swift */ = {isa = PBXFileReference; lastKnownFileType = sourcecode.swift; path = ViewController.swift; sourceTree = "<group>"; };
		DC9FC2181F38E5FD0000A6DD /* Document.swift */ = {isa = PBXFileReference; lastKnownFileType = sourcecode.swift; path = Document.swift; sourceTree = "<group>"; };
		DC9FC21A1F38E5FD0000A6DD /* Assets.xcassets */ = {isa = PBXFileReference; lastKnownFileType = folder.assetcatalog; path = Assets.xcassets; sourceTree = "<group>"; };
		DC9FC21D1F38E5FD0000A6DD /* Base */ = {isa = PBXFileReference; lastKnownFileType = file.storyboard; name = Base; path = Base.lproj/Main.storyboard; sourceTree = "<group>"; };
		DC9FC21F1F38E5FD0000A6DD /* Info.plist */ = {isa = PBXFileReference; lastKnownFileType = text.plist.xml; path = Info.plist; sourceTree = "<group>"; };
		DC9FC2201F38E5FD0000A6DD /* MacSunnySender.entitlements */ = {isa = PBXFileReference; lastKnownFileType = text.plist.entitlements; path = MacSunnySender.entitlements; sourceTree = "<group>"; };
		DC9FC2261F38E7540000A6DD /* AdaptedBuildSettings.xcconfig */ = {isa = PBXFileReference; lastKnownFileType = text.xcconfig; path = AdaptedBuildSettings.xcconfig; sourceTree = "<group>"; };
		DC9FC2281F38E7D50000A6DD /* ToDo */ = {isa = PBXFileReference; lastKnownFileType = text; path = ToDo; sourceTree = "<group>"; };
		DCB05FF81F498ADE00767FC7 /* WR46A-01.dti */ = {isa = PBXFileReference; fileEncoding = 4; lastKnownFileType = text.xml; path = "WR46A-01.dti"; sourceTree = "<group>"; };
		DCB282F01F390F6D00E66CA1 /* SMAMeasurement.swift */ = {isa = PBXFileReference; fileEncoding = 4; lastKnownFileType = sourcecode.swift; path = SMAMeasurement.swift; sourceTree = "<group>"; };
		DCB282F61F390F6D00E66CA1 /* SMADriver.swift */ = {isa = PBXFileReference; fileEncoding = 4; lastKnownFileType = sourcecode.swift; path = SMADriver.swift; sourceTree = "<group>"; };
		DCB282F71F390F6D00E66CA1 /* SMAInverter.swift */ = {isa = PBXFileReference; fileEncoding = 4; lastKnownFileType = sourcecode.swift; path = SMAInverter.swift; sourceTree = "<group>"; };
		DCBCE46C1F48876E0094D1B1 /* yasdishell */ = {isa = PBXFileReference; lastKnownFileType = "compiled.mach-o.executable"; name = yasdishell; path = "../../../../../Third Party Code/YASDI/build-xcode/Debug/yasdishell"; sourceTree = "<group>"; };
		DCE0B1A91F48E313006A867E /* EmailClient.swift */ = {isa = PBXFileReference; lastKnownFileType = sourcecode.swift; path = EmailClient.swift; sourceTree = "<group>"; };
/* End PBXFileReference section */

/* Begin PBXFrameworksBuildPhase section */
		DC9FC20E1F38E5FD0000A6DD /* Frameworks */ = {
			isa = PBXFrameworksBuildPhase;
			buildActionMask = 2147483647;
			files = (
				DCE0B1951F48D560006A867E /* libyasdi_drv_ip.1.8.1.dylib in Frameworks */,
				DCE0B1961F48D560006A867E /* libyasdi_drv_serial.1.8.1.dylib in Frameworks */,
				DCE0B1971F48D560006A867E /* libyasdi.1.8.1.dylib in Frameworks */,
				DCE0B1981F48D560006A867E /* libyasdimaster.1.8.1.dylib in Frameworks */,
				DCE0B1991F48D560006A867E /* libyasdi_drv_ip.dylib in Frameworks */,
				DCE0B19A1F48D560006A867E /* libyasdi_drv_serial.dylib in Frameworks */,
				DCE0B19B1F48D560006A867E /* libyasdi.dylib in Frameworks */,
				DCE0B19C1F48D560006A867E /* libyasdimaster.dylib in Frameworks */,
			);
			runOnlyForDeploymentPostprocessing = 0;
		};
/* End PBXFrameworksBuildPhase section */

/* Begin PBXGroup section */
		DC19E7F31F46D90E000A0B5D /* Products */ = {
			isa = PBXGroup;
			children = (
				DC19E7FF1F46D90E000A0B5D /* libyasdi.dylib */,
				DC19E8011F46D90E000A0B5D /* libyasdi_drv_ip.dylib */,
				DC19E8031F46D90E000A0B5D /* libyasdi_drv_serial.dylib */,
				DC19E8051F46D90E000A0B5D /* libyasdimaster.dylib */,
				DC19E8071F46D90E000A0B5D /* yasdishell */,
			);
			name = Products;
			sourceTree = "<group>";
		};
		DC6A7F5A1F46188E002BD9A3 /* Documentation */ = {
			isa = PBXGroup;
			children = (
				DC6A7F5B1F46188E002BD9A3 /* YASDI-10NE1106.pdf */,
				DC6A7F5C1F46188E002BD9A3 /* YASDI-TDE084020.pdf */,
			);
			path = Documentation;
			sourceTree = "<group>";
		};
		DC6A7F721F463403002BD9A3 /* Frameworks */ = {
			isa = PBXGroup;
			children = (
				DC6A7F5A1F46188E002BD9A3 /* Documentation */,
				DC6A7F731F463415002BD9A3 /* YASDI */,
			);
			path = Frameworks;
			sourceTree = "<group>";
		};
		DC6A7F731F463415002BD9A3 /* YASDI */ = {
			isa = PBXGroup;
			children = (
				DCBCE46C1F48876E0094D1B1 /* yasdishell */,
				DC021A061F478B4A008EB4A2 /* libyasdi_drv_ip.1.8.1.dylib */,
				DC021A001F478B4A008EB4A2 /* libyasdi_drv_serial.1.8.1.dylib */,
				DC021A071F478B4A008EB4A2 /* libyasdi.1.8.1.dylib */,
				DC021A081F478B4A008EB4A2 /* libyasdimaster.1.8.1.dylib */,
				DC19E83A1F46DC49000A0B5D /* libyasdi_drv_ip.dylib */,
				DC19E8391F46DC49000A0B5D /* libyasdi_drv_serial.dylib */,
				DC19E83C1F46DC49000A0B5D /* libyasdi.dylib */,
				DC19E83B1F46DC49000A0B5D /* libyasdimaster.dylib */,
				DC19E7F21F46D90E000A0B5D /* yasdi.xcodeproj */,
			);
			path = YASDI;
			sourceTree = "<group>";
		};
		DC9FC2081F38E5FD0000A6DD = {
			isa = PBXGroup;
			children = (
				DC9FC2281F38E7D50000A6DD /* ToDo */,
				DC8D0E9E1F38FEB800FBE865 /* MacSunnySender-Bridging-Header.h */,
				DC9FC2261F38E7540000A6DD /* AdaptedBuildSettings.xcconfig */,
				DC9FC2131F38E5FD0000A6DD /* MacSunnySender */,
				DC9FC2121F38E5FD0000A6DD /* Products */,
				DC6A7F721F463403002BD9A3 /* Frameworks */,
			);
			sourceTree = "<group>";
		};
		DC9FC2121F38E5FD0000A6DD /* Products */ = {
			isa = PBXGroup;
			children = (
				DC9FC2111F38E5FD0000A6DD /* MacSunnySender.app */,
			);
			name = Products;
			sourceTree = "<group>";
		};
		DC9FC2131F38E5FD0000A6DD /* MacSunnySender */ = {
			isa = PBXGroup;
			children = (
				DC9FC2141F38E5FD0000A6DD /* AppDelegate.swift */,
				DC9FC2161F38E5FD0000A6DD /* ViewController.swift */,
				DC9FC2181F38E5FD0000A6DD /* Document.swift */,
				DCB282F61F390F6D00E66CA1 /* SMADriver.swift */,
				DCB282F71F390F6D00E66CA1 /* SMAInverter.swift */,
				DCB282F01F390F6D00E66CA1 /* SMAMeasurement.swift */,
				DCE0B1A91F48E313006A867E /* EmailClient.swift */,
				DC6A7F571F460E76002BD9A3 /* YasdiConfigFile.ini */,
				DC9FC21A1F38E5FD0000A6DD /* Assets.xcassets */,
				DC9FC21C1F38E5FD0000A6DD /* Main.storyboard */,
				DC9FC21F1F38E5FD0000A6DD /* Info.plist */,
				DC9FC2201F38E5FD0000A6DD /* MacSunnySender.entitlements */,
				DCB05FF81F498ADE00767FC7 /* WR46A-01.dti */,
			);
			path = MacSunnySender;
			sourceTree = "<group>";
		};
/* End PBXGroup section */

/* Begin PBXNativeTarget section */
		DC9FC2101F38E5FD0000A6DD /* MacSunnySender */ = {
			isa = PBXNativeTarget;
			buildConfigurationList = DC9FC2231F38E5FD0000A6DD /* Build configuration list for PBXNativeTarget "MacSunnySender" */;
			buildPhases = (
				DC9FC20D1F38E5FD0000A6DD /* Sources */,
				DC9FC20E1F38E5FD0000A6DD /* Frameworks */,
				DC9FC20F1F38E5FD0000A6DD /* Resources */,
				DC2BA42B1F450050001D0744 /* CopyFiles */,
				DCE0B1941F48D54B006A867E /* Embed Libraries */,
			);
			buildRules = (
			);
			dependencies = (
			);
			name = MacSunnySender;
			productName = MacSunnySender;
			productReference = DC9FC2111F38E5FD0000A6DD /* MacSunnySender.app */;
			productType = "com.apple.product-type.application";
		};
/* End PBXNativeTarget section */

/* Begin PBXProject section */
		DC9FC2091F38E5FD0000A6DD /* Project object */ = {
			isa = PBXProject;
			attributes = {
				LastSwiftUpdateCheck = 0900;
				LastUpgradeCheck = 0900;
				ORGANIZATIONNAME = OneClick;
				TargetAttributes = {
					DC9FC2101F38E5FD0000A6DD = {
						CreatedOnToolsVersion = 9.0;
						LastSwiftMigration = 0900;
						SystemCapabilities = {
							com.apple.Sandbox = {
								enabled = 0;
							};
						};
					};
				};
			};
			buildConfigurationList = DC9FC20C1F38E5FD0000A6DD /* Build configuration list for PBXProject "MacSunnySender" */;
			compatibilityVersion = "Xcode 8.0";
			developmentRegion = en;
			hasScannedForEncodings = 0;
			knownRegions = (
				en,
				Base,
			);
			mainGroup = DC9FC2081F38E5FD0000A6DD;
			productRefGroup = DC9FC2121F38E5FD0000A6DD /* Products */;
			projectDirPath = "";
			projectReferences = (
				{
					ProductGroup = DC19E7F31F46D90E000A0B5D /* Products */;
					ProjectRef = DC19E7F21F46D90E000A0B5D /* yasdi.xcodeproj */;
				},
			);
			projectRoot = "";
			targets = (
				DC9FC2101F38E5FD0000A6DD /* MacSunnySender */,
			);
		};
/* End PBXProject section */

/* Begin PBXReferenceProxy section */
		DC19E7FF1F46D90E000A0B5D /* libyasdi.dylib */ = {
			isa = PBXReferenceProxy;
			fileType = "compiled.mach-o.dylib";
			name = libyasdi.dylib;
			path = libyasdi.1.8.1.dylib;
			remoteRef = DC19E7FE1F46D90E000A0B5D /* PBXContainerItemProxy */;
			sourceTree = BUILT_PRODUCTS_DIR;
		};
		DC19E8011F46D90E000A0B5D /* libyasdi_drv_ip.dylib */ = {
			isa = PBXReferenceProxy;
			fileType = "compiled.mach-o.dylib";
			name = libyasdi_drv_ip.dylib;
			path = libyasdi_drv_ip.1.8.1.dylib;
			remoteRef = DC19E8001F46D90E000A0B5D /* PBXContainerItemProxy */;
			sourceTree = BUILT_PRODUCTS_DIR;
		};
		DC19E8031F46D90E000A0B5D /* libyasdi_drv_serial.dylib */ = {
			isa = PBXReferenceProxy;
			fileType = "compiled.mach-o.dylib";
			name = libyasdi_drv_serial.dylib;
			path = libyasdi_drv_serial.1.8.1.dylib;
			remoteRef = DC19E8021F46D90E000A0B5D /* PBXContainerItemProxy */;
			sourceTree = BUILT_PRODUCTS_DIR;
		};
		DC19E8051F46D90E000A0B5D /* libyasdimaster.dylib */ = {
			isa = PBXReferenceProxy;
			fileType = "compiled.mach-o.dylib";
			name = libyasdimaster.dylib;
			path = libyasdimaster.1.8.1.dylib;
			remoteRef = DC19E8041F46D90E000A0B5D /* PBXContainerItemProxy */;
			sourceTree = BUILT_PRODUCTS_DIR;
		};
		DC19E8071F46D90E000A0B5D /* yasdishell */ = {
			isa = PBXReferenceProxy;
			fileType = "compiled.mach-o.executable";
			path = yasdishell;
			remoteRef = DC19E8061F46D90E000A0B5D /* PBXContainerItemProxy */;
			sourceTree = BUILT_PRODUCTS_DIR;
		};
/* End PBXReferenceProxy section */

/* Begin PBXResourcesBuildPhase section */
		DC9FC20F1F38E5FD0000A6DD /* Resources */ = {
			isa = PBXResourcesBuildPhase;
			buildActionMask = 2147483647;
			files = (
				DCBCE4761F48876E0094D1B1 /* yasdishell in Resources */,
				DCB060021F498ADF00767FC7 /* WR46A-01.dti in Resources */,
				DC9FC21B1F38E5FD0000A6DD /* Assets.xcassets in Resources */,
				DC9FC21E1F38E5FD0000A6DD /* Main.storyboard in Resources */,
			);
			runOnlyForDeploymentPostprocessing = 0;
		};
/* End PBXResourcesBuildPhase section */

/* Begin PBXSourcesBuildPhase section */
		DC9FC20D1F38E5FD0000A6DD /* Sources */ = {
			isa = PBXSourcesBuildPhase;
			buildActionMask = 2147483647;
			files = (
				DC9FC2171F38E5FD0000A6DD /* ViewController.swift in Sources */,
				DCB282F91F390F6D00E66CA1 /* SMADriver.swift in Sources */,
				DC9FC2151F38E5FD0000A6DD /* AppDelegate.swift in Sources */,
				DCE0B1AA1F48E313006A867E /* EmailClient.swift in Sources */,
				DCB282F81F390F6D00E66CA1 /* SMAMeasurement.swift in Sources */,
				DCB282FA1F390F6D00E66CA1 /* SMAInverter.swift in Sources */,
				DC9FC2191F38E5FD0000A6DD /* Document.swift in Sources */,
			);
			runOnlyForDeploymentPostprocessing = 0;
		};
/* End PBXSourcesBuildPhase section */

/* Begin PBXVariantGroup section */
		DC9FC21C1F38E5FD0000A6DD /* Main.storyboard */ = {
			isa = PBXVariantGroup;
			children = (
				DC9FC21D1F38E5FD0000A6DD /* Base */,
			);
			name = Main.storyboard;
			sourceTree = "<group>";
		};
/* End PBXVariantGroup section */

/* Begin XCBuildConfiguration section */
		DC9FC2211F38E5FD0000A6DD /* Debug */ = {
			isa = XCBuildConfiguration;
			baseConfigurationReference = DC9FC2261F38E7540000A6DD /* AdaptedBuildSettings.xcconfig */;
			buildSettings = {
				ALWAYS_SEARCH_USER_PATHS = NO;
				CLANG_ANALYZER_NONNULL = YES;
				CLANG_ANALYZER_NUMBER_OBJECT_CONVERSION = YES_AGGRESSIVE;
				CLANG_CXX_LANGUAGE_STANDARD = "gnu++14";
				CLANG_CXX_LIBRARY = "libc++";
				CLANG_ENABLE_MODULES = YES;
				CLANG_ENABLE_OBJC_ARC = YES;
				CLANG_WARN_BLOCK_CAPTURE_AUTORELEASING = YES;
				CLANG_WARN_BOOL_CONVERSION = YES;
				CLANG_WARN_COMMA = YES;
				CLANG_WARN_CONSTANT_CONVERSION = YES;
				CLANG_WARN_DIRECT_OBJC_ISA_USAGE = YES_ERROR;
				CLANG_WARN_DOCUMENTATION_COMMENTS = YES;
				CLANG_WARN_EMPTY_BODY = YES;
				CLANG_WARN_ENUM_CONVERSION = YES;
				CLANG_WARN_INFINITE_RECURSION = YES;
				CLANG_WARN_INT_CONVERSION = YES;
				CLANG_WARN_NON_LITERAL_NULL_CONVERSION = YES;
				CLANG_WARN_OBJC_LITERAL_CONVERSION = YES;
				CLANG_WARN_OBJC_ROOT_CLASS = YES_ERROR;
				CLANG_WARN_RANGE_LOOP_ANALYSIS = YES;
				CLANG_WARN_STRICT_PROTOTYPES = YES;
				CLANG_WARN_SUSPICIOUS_MOVE = YES;
				CLANG_WARN_UNGUARDED_AVAILABILITY = YES_AGGRESSIVE;
				CLANG_WARN_UNREACHABLE_CODE = YES;
				CLANG_WARN__DUPLICATE_METHOD_MATCH = YES;
				CODE_SIGN_IDENTITY = "Mac Developer";
				COPY_PHASE_STRIP = NO;
				DEBUG_INFORMATION_FORMAT = dwarf;
				ENABLE_STRICT_OBJC_MSGSEND = YES;
				ENABLE_TESTABILITY = YES;
				FRAMEWORK_SEARCH_PATHS = "";
				GCC_C_LANGUAGE_STANDARD = gnu11;
				GCC_DYNAMIC_NO_PIC = NO;
				GCC_NO_COMMON_BLOCKS = YES;
				GCC_OPTIMIZATION_LEVEL = 0;
				GCC_PREPROCESSOR_DEFINITIONS = (
					"DEBUG=1",
					"$(inherited)",
				);
				GCC_WARN_64_TO_32_BIT_CONVERSION = YES;
				GCC_WARN_ABOUT_RETURN_TYPE = YES_ERROR;
				GCC_WARN_UNDECLARED_SELECTOR = YES;
				GCC_WARN_UNINITIALIZED_AUTOS = YES_AGGRESSIVE;
				GCC_WARN_UNUSED_FUNCTION = YES;
				GCC_WARN_UNUSED_VARIABLE = YES;
				HEADER_SEARCH_PATHS = "\"$(SRCROOT)/../../../Third Party Code/YASDI\"/**";
				MACOSX_DEPLOYMENT_TARGET = 10.12;
				MTL_ENABLE_DEBUG_INFO = YES;
				ONLY_ACTIVE_ARCH = YES;
				SDKROOT = macosx;
				SWIFT_ACTIVE_COMPILATION_CONDITIONS = DEBUG;
				SWIFT_OPTIMIZATION_LEVEL = "-Onone";
			};
			name = Debug;
		};
		DC9FC2221F38E5FD0000A6DD /* Release */ = {
			isa = XCBuildConfiguration;
			baseConfigurationReference = DC9FC2261F38E7540000A6DD /* AdaptedBuildSettings.xcconfig */;
			buildSettings = {
				ALWAYS_SEARCH_USER_PATHS = NO;
				CLANG_ANALYZER_NONNULL = YES;
				CLANG_ANALYZER_NUMBER_OBJECT_CONVERSION = YES_AGGRESSIVE;
				CLANG_CXX_LANGUAGE_STANDARD = "gnu++14";
				CLANG_CXX_LIBRARY = "libc++";
				CLANG_ENABLE_MODULES = YES;
				CLANG_ENABLE_OBJC_ARC = YES;
				CLANG_WARN_BLOCK_CAPTURE_AUTORELEASING = YES;
				CLANG_WARN_BOOL_CONVERSION = YES;
				CLANG_WARN_COMMA = YES;
				CLANG_WARN_CONSTANT_CONVERSION = YES;
				CLANG_WARN_DIRECT_OBJC_ISA_USAGE = YES_ERROR;
				CLANG_WARN_DOCUMENTATION_COMMENTS = YES;
				CLANG_WARN_EMPTY_BODY = YES;
				CLANG_WARN_ENUM_CONVERSION = YES;
				CLANG_WARN_INFINITE_RECURSION = YES;
				CLANG_WARN_INT_CONVERSION = YES;
				CLANG_WARN_NON_LITERAL_NULL_CONVERSION = YES;
				CLANG_WARN_OBJC_LITERAL_CONVERSION = YES;
				CLANG_WARN_OBJC_ROOT_CLASS = YES_ERROR;
				CLANG_WARN_RANGE_LOOP_ANALYSIS = YES;
				CLANG_WARN_STRICT_PROTOTYPES = YES;
				CLANG_WARN_SUSPICIOUS_MOVE = YES;
				CLANG_WARN_UNGUARDED_AVAILABILITY = YES_AGGRESSIVE;
				CLANG_WARN_UNREACHABLE_CODE = YES;
				CLANG_WARN__DUPLICATE_METHOD_MATCH = YES;
				CODE_SIGN_IDENTITY = "Mac Developer";
				COPY_PHASE_STRIP = NO;
				DEBUG_INFORMATION_FORMAT = "dwarf-with-dsym";
				ENABLE_NS_ASSERTIONS = NO;
				ENABLE_STRICT_OBJC_MSGSEND = YES;
				GCC_C_LANGUAGE_STANDARD = gnu11;
				GCC_NO_COMMON_BLOCKS = YES;
				GCC_WARN_64_TO_32_BIT_CONVERSION = YES;
				GCC_WARN_ABOUT_RETURN_TYPE = YES_ERROR;
				GCC_WARN_UNDECLARED_SELECTOR = YES;
				GCC_WARN_UNINITIALIZED_AUTOS = YES_AGGRESSIVE;
				GCC_WARN_UNUSED_FUNCTION = YES;
				GCC_WARN_UNUSED_VARIABLE = YES;
				HEADER_SEARCH_PATHS = "";
				MACOSX_DEPLOYMENT_TARGET = 10.12;
				MTL_ENABLE_DEBUG_INFO = NO;
				SDKROOT = macosx;
				SWIFT_OPTIMIZATION_LEVEL = "-Owholemodule";
			};
			name = Release;
		};
		DC9FC2241F38E5FD0000A6DD /* Debug */ = {
			isa = XCBuildConfiguration;
			buildSettings = {
				ASSETCATALOG_COMPILER_APPICON_NAME = AppIcon;
				CLANG_ENABLE_MODULES = YES;
				COMBINE_HIDPI_IMAGES = YES;
				DEVELOPMENT_TEAM = 5G3AJTSDZ7;
				INFOPLIST_FILE = MacSunnySender/Info.plist;
				LD_RUNPATH_SEARCH_PATHS = "$(inherited) @executable_path/../Frameworks";
				LIBRARY_SEARCH_PATHS = (
					"$(inherited)",
					"$(PROJECT_DIR)",
					"$(PROJECT_DIR)/Frameworks",
				);
				PRODUCT_BUNDLE_IDENTIFIER = be.oneclick.MacSunnySender;
				PRODUCT_NAME = "$(TARGET_NAME)";
				SWIFT_OBJC_BRIDGING_HEADER = "MacSunnySender-Bridging-Header.h";
				SWIFT_OPTIMIZATION_LEVEL = "-Onone";
				SWIFT_VERSION = 4.0;
			};
			name = Debug;
		};
		DC9FC2251F38E5FD0000A6DD /* Release */ = {
			isa = XCBuildConfiguration;
			buildSettings = {
				ASSETCATALOG_COMPILER_APPICON_NAME = AppIcon;
				CLANG_ENABLE_MODULES = YES;
				COMBINE_HIDPI_IMAGES = YES;
				DEVELOPMENT_TEAM = 5G3AJTSDZ7;
				INFOPLIST_FILE = MacSunnySender/Info.plist;
				LD_RUNPATH_SEARCH_PATHS = "$(inherited) @executable_path/../Frameworks";
				LIBRARY_SEARCH_PATHS = (
					"$(inherited)",
					"$(PROJECT_DIR)",
					"$(PROJECT_DIR)/Frameworks",
				);
				PRODUCT_BUNDLE_IDENTIFIER = be.oneclick.MacSunnySender;
				PRODUCT_NAME = "$(TARGET_NAME)";
				SWIFT_OBJC_BRIDGING_HEADER = "MacSunnySender-Bridging-Header.h";
				SWIFT_VERSION = 4.0;
			};
			name = Release;
		};
/* End XCBuildConfiguration section */

/* Begin XCConfigurationList section */
		DC9FC20C1F38E5FD0000A6DD /* Build configuration list for PBXProject "MacSunnySender" */ = {
			isa = XCConfigurationList;
			buildConfigurations = (
				DC9FC2211F38E5FD0000A6DD /* Debug */,
				DC9FC2221F38E5FD0000A6DD /* Release */,
			);
			defaultConfigurationIsVisible = 0;
			defaultConfigurationName = Release;
		};
		DC9FC2231F38E5FD0000A6DD /* Build configuration list for PBXNativeTarget "MacSunnySender" */ = {
			isa = XCConfigurationList;
			buildConfigurations = (
				DC9FC2241F38E5FD0000A6DD /* Debug */,
				DC9FC2251F38E5FD0000A6DD /* Release */,
			);
			defaultConfigurationIsVisible = 0;
			defaultConfigurationName = Release;
		};
/* End XCConfigurationList section */
	};
	rootObject = DC9FC2091F38E5FD0000A6DD /* Project object */;
}
